
Microsoft Visual Studio Solution File, Format Version 12.00
# Visual Studio Version 17
VisualStudioVersion = 17.9.34723.18
MinimumVisualStudioVersion = 10.0.40219.1
Project("{9A19103F-16F7-4668-BE54-9A1E7A4F7556}") = "ShiftPlan.Api", "ShiftPlan.Api\ShiftPlan.Api.csproj", "{7E74146D-EBAD-41F7-8098-1EDCBB90BE13}"
EndProject
Project("{2150E333-8FDC-42A3-9474-1A3956D46DE8}") = "Solution Items", "Solution Items", "{C9224C94-ACB0-4EEE-9F49-1A6EDED904D9}"
	ProjectSection(SolutionItems) = preProject
		.dockerignore = .dockerignore
		.editorconfig = .editorconfig
		.gitattributes = .gitattributes
		.gitignore = .gitignore
		LICENSE.txt = LICENSE.txt
		README.md = README.md
	EndProjectSection
EndProject
Project("{9A19103F-16F7-4668-BE54-9A1E7A4F7556}") = "ShiftPlan.Blazor", "ShiftPlan.Blazor\ShiftPlan.Blazor.csproj", "{2F24D27E-AE8D-46E9-9BB6-22760DCBA539}"
EndProject
Project("{9A19103F-16F7-4668-BE54-9A1E7A4F7556}") = "ShiftPlan.Blazor.Client", "ShiftPlan.Blazor.Client\ShiftPlan.Blazor.Client.csproj", "{6EC5F1C1-AF78-4698-873D-D7778E5D752C}"
EndProject
Project("{2150E333-8FDC-42A3-9474-1A3956D46DE8}") = "backend", "backend", "{7CBFDD06-C554-473F-B0A4-68362ABE1FBE}"
EndProject
Project("{2150E333-8FDC-42A3-9474-1A3956D46DE8}") = "frontend", "frontend", "{C74C22BC-B241-4956-AD87-006F18AED77A}"
	ProjectSection(SolutionItems) = preProject
		Dockerfile = Dockerfile
	EndProjectSection
EndProject
Project("{9A19103F-16F7-4668-BE54-9A1E7A4F7556}") = "ShiftPlan.UsersIdentity", "ShiftPlan.UsersIdentity\ShiftPlan.UsersIdentity.csproj", "{EE4E99EC-7185-41B3-A2EB-A3ED3E6A5DA4}"
EndProject
Global
	GlobalSection(SolutionConfigurationPlatforms) = preSolution
		Debug|Any CPU = Debug|Any CPU
		Release|Any CPU = Release|Any CPU
	EndGlobalSection
	GlobalSection(ProjectConfigurationPlatforms) = postSolution
		{7E74146D-EBAD-41F7-8098-1EDCBB90BE13}.Debug|Any CPU.ActiveCfg = Debug|Any CPU
		{7E74146D-EBAD-41F7-8098-1EDCBB90BE13}.Debug|Any CPU.Build.0 = Debug|Any CPU
		{7E74146D-EBAD-41F7-8098-1EDCBB90BE13}.Release|Any CPU.ActiveCfg = Release|Any CPU
		{7E74146D-EBAD-41F7-8098-1EDCBB90BE13}.Release|Any CPU.Build.0 = Release|Any CPU
		{2F24D27E-AE8D-46E9-9BB6-22760DCBA539}.Debug|Any CPU.ActiveCfg = Debug|Any CPU
		{2F24D27E-AE8D-46E9-9BB6-22760DCBA539}.Debug|Any CPU.Build.0 = Debug|Any CPU
		{2F24D27E-AE8D-46E9-9BB6-22760DCBA539}.Release|Any CPU.ActiveCfg = Release|Any CPU
		{2F24D27E-AE8D-46E9-9BB6-22760DCBA539}.Release|Any CPU.Build.0 = Release|Any CPU
		{6EC5F1C1-AF78-4698-873D-D7778E5D752C}.Debug|Any CPU.ActiveCfg = Debug|Any CPU
		{6EC5F1C1-AF78-4698-873D-D7778E5D752C}.Debug|Any CPU.Build.0 = Debug|Any CPU
		{6EC5F1C1-AF78-4698-873D-D7778E5D752C}.Release|Any CPU.ActiveCfg = Release|Any CPU
		{6EC5F1C1-AF78-4698-873D-D7778E5D752C}.Release|Any CPU.Build.0 = Release|Any CPU
		{EE4E99EC-7185-41B3-A2EB-A3ED3E6A5DA4}.Debug|Any CPU.ActiveCfg = Debug|Any CPU
		{EE4E99EC-7185-41B3-A2EB-A3ED3E6A5DA4}.Debug|Any CPU.Build.0 = Debug|Any CPU
		{EE4E99EC-7185-41B3-A2EB-A3ED3E6A5DA4}.Release|Any CPU.ActiveCfg = Release|Any CPU
		{EE4E99EC-7185-41B3-A2EB-A3ED3E6A5DA4}.Release|Any CPU.Build.0 = Release|Any CPU
	EndGlobalSection
	GlobalSection(SolutionProperties) = preSolution
		HideSolutionNode = FALSE
	EndGlobalSection
	GlobalSection(NestedProjects) = preSolution
		{7E74146D-EBAD-41F7-8098-1EDCBB90BE13} = {7CBFDD06-C554-473F-B0A4-68362ABE1FBE}
		{2F24D27E-AE8D-46E9-9BB6-22760DCBA539} = {C74C22BC-B241-4956-AD87-006F18AED77A}
		{6EC5F1C1-AF78-4698-873D-D7778E5D752C} = {C74C22BC-B241-4956-AD87-006F18AED77A}
		{EE4E99EC-7185-41B3-A2EB-A3ED3E6A5DA4} = {7CBFDD06-C554-473F-B0A4-68362ABE1FBE}
	EndGlobalSection
	GlobalSection(ExtensibilityGlobals) = postSolution
		SolutionGuid = {B817F357-A483-4173-8178-4198E9EDE6F8}
	EndGlobalSection
EndGlobal
