
Microsoft Visual Studio Solution File, Format Version 12.00
# Visual Studio Version 17
VisualStudioVersion = 17.9.34723.18
MinimumVisualStudioVersion = 10.0.40219.1
Project("{9A19103F-16F7-4668-BE54-9A1E7A4F7556}") = "FrontendBlazor", "FrontendBlazor\FrontendBlazor\FrontendBlazor.csproj", "{64A02EFC-141F-4AB2-88FD-B0E5F698DC77}"
EndProject
Project("{9A19103F-16F7-4668-BE54-9A1E7A4F7556}") = "FrontendBlazor.Client", "FrontendBlazor\FrontendBlazor.Client\FrontendBlazor.Client.csproj", "{683E345A-01BF-4FE8-923F-EE8960901B79}"
EndProject
Project("{9A19103F-16F7-4668-BE54-9A1E7A4F7556}") = "ShiftPlan.Api", "ShiftPlan.Api\ShiftPlan.Api.csproj", "{7E74146D-EBAD-41F7-8098-1EDCBB90BE13}"
EndProject
Project("{2150E333-8FDC-42A3-9474-1A3956D46DE8}") = "Solution Items", "Solution Items", "{C9224C94-ACB0-4EEE-9F49-1A6EDED904D9}"
	ProjectSection(SolutionItems) = preProject
		.editorconfig = .editorconfig
	EndProjectSection
EndProject
Global
	GlobalSection(SolutionConfigurationPlatforms) = preSolution
		Debug|Any CPU = Debug|Any CPU
		Release|Any CPU = Release|Any CPU
	EndGlobalSection
	GlobalSection(ProjectConfigurationPlatforms) = postSolution
		{64A02EFC-141F-4AB2-88FD-B0E5F698DC77}.Debug|Any CPU.ActiveCfg = Debug|Any CPU
		{64A02EFC-141F-4AB2-88FD-B0E5F698DC77}.Debug|Any CPU.Build.0 = Debug|Any CPU
		{64A02EFC-141F-4AB2-88FD-B0E5F698DC77}.Release|Any CPU.ActiveCfg = Release|Any CPU
		{64A02EFC-141F-4AB2-88FD-B0E5F698DC77}.Release|Any CPU.Build.0 = Release|Any CPU
		{683E345A-01BF-4FE8-923F-EE8960901B79}.Debug|Any CPU.ActiveCfg = Debug|Any CPU
		{683E345A-01BF-4FE8-923F-EE8960901B79}.Debug|Any CPU.Build.0 = Debug|Any CPU
		{683E345A-01BF-4FE8-923F-EE8960901B79}.Release|Any CPU.ActiveCfg = Release|Any CPU
		{683E345A-01BF-4FE8-923F-EE8960901B79}.Release|Any CPU.Build.0 = Release|Any CPU
		{7E74146D-EBAD-41F7-8098-1EDCBB90BE13}.Debug|Any CPU.ActiveCfg = Debug|Any CPU
		{7E74146D-EBAD-41F7-8098-1EDCBB90BE13}.Debug|Any CPU.Build.0 = Debug|Any CPU
		{7E74146D-EBAD-41F7-8098-1EDCBB90BE13}.Release|Any CPU.ActiveCfg = Release|Any CPU
		{7E74146D-EBAD-41F7-8098-1EDCBB90BE13}.Release|Any CPU.Build.0 = Release|Any CPU
	EndGlobalSection
	GlobalSection(SolutionProperties) = preSolution
		HideSolutionNode = FALSE
	EndGlobalSection
	GlobalSection(ExtensibilityGlobals) = postSolution
		SolutionGuid = {B817F357-A483-4173-8178-4198E9EDE6F8}
	EndGlobalSection
EndGlobal
